
Microsoft Visual Studio Solution File, Format Version 12.00
# Visual Studio Version 16
VisualStudioVersion = 16.0.29806.167
MinimumVisualStudioVersion = 10.0.40219.1
Project("{FAE04EC0-301F-11D3-BF4B-00C04F79EFBC}") = "Vets", "Vets\Vets.csproj", "{6E069CE0-11EB-4919-9B46-39E29AE16452}"
EndProject
Global
	GlobalSection(SolutionConfigurationPlatforms) = preSolution
		Debug|Any CPU = Debug|Any CPU
		Release|Any CPU = Release|Any CPU
	EndGlobalSection
	GlobalSection(ProjectConfigurationPlatforms) = postSolution
		{6E069CE0-11EB-4919-9B46-39E29AE16452}.Debug|Any CPU.ActiveCfg = Debug|Any CPU
		{6E069CE0-11EB-4919-9B46-39E29AE16452}.Debug|Any CPU.Build.0 = Debug|Any CPU
		{6E069CE0-11EB-4919-9B46-39E29AE16452}.Release|Any CPU.ActiveCfg = Release|Any CPU
		{6E069CE0-11EB-4919-9B46-39E29AE16452}.Release|Any CPU.Build.0 = Release|Any CPU
	EndGlobalSection
	GlobalSection(SolutionProperties) = preSolution
		HideSolutionNode = FALSE
	EndGlobalSection
	GlobalSection(ExtensibilityGlobals) = postSolution
		SolutionGuid = {F77DF42B-CF71-44B6-B054-43DE376D4230}
	EndGlobalSection
EndGlobal
